
Microsoft Visual Studio Solution File, Format Version 12.00
# Visual Studio Version 17
VisualStudioVersion = 17.0.31903.59
MinimumVisualStudioVersion = 10.0.40219.1
Project("{FAE04EC0-301F-11D3-BF4B-00C04F79EFBC}") = "FleetMaintenance.Core", "FleetMaintenance.Core\FleetMaintenance.Core.csproj", "{D1F2BC2D-9318-42CB-BBBF-67DC19CBBA13}"
EndProject
Project("{FAE04EC0-301F-11D3-BF4B-00C04F79EFBC}") = "FleetMaintenance.App", "FleetMaintenance.App\FleetMaintenance.App.csproj", "{46F469CD-208C-4922-92A6-6820E53AC098}"
EndProject
Global
	GlobalSection(SolutionConfigurationPlatforms) = preSolution
		Debug|Any CPU = Debug|Any CPU
		Release|Any CPU = Release|Any CPU
	EndGlobalSection
	GlobalSection(SolutionProperties) = preSolution
		HideSolutionNode = FALSE
	EndGlobalSection
	GlobalSection(ProjectConfigurationPlatforms) = postSolution
		{D1F2BC2D-9318-42CB-BBBF-67DC19CBBA13}.Debug|Any CPU.ActiveCfg = Debug|Any CPU
		{D1F2BC2D-9318-42CB-BBBF-67DC19CBBA13}.Debug|Any CPU.Build.0 = Debug|Any CPU
		{D1F2BC2D-9318-42CB-BBBF-67DC19CBBA13}.Release|Any CPU.ActiveCfg = Release|Any CPU
		{D1F2BC2D-9318-42CB-BBBF-67DC19CBBA13}.Release|Any CPU.Build.0 = Release|Any CPU
		{46F469CD-208C-4922-92A6-6820E53AC098}.Debug|Any CPU.ActiveCfg = Debug|Any CPU
		{46F469CD-208C-4922-92A6-6820E53AC098}.Debug|Any CPU.Build.0 = Debug|Any CPU
		{46F469CD-208C-4922-92A6-6820E53AC098}.Release|Any CPU.ActiveCfg = Release|Any CPU
		{46F469CD-208C-4922-92A6-6820E53AC098}.Release|Any CPU.Build.0 = Release|Any CPU
	EndGlobalSection
EndGlobal
